
Microsoft Visual Studio Solution File, Format Version 12.00
# Visual Studio Version 16
VisualStudioVersion = 16.0.29418.71
MinimumVisualStudioVersion = 10.0.40219.1
Project("{9092AA53-FB77-4645-B42D-1CCCA6BD08BD}") = "Intelligenics.Application.Framework", "Intelligenics.Application.Framework\Intelligenics.Application.Framework.njsproj", "{04960B92-9DF4-4AA5-990A-779A76DA2D49}"
EndProject
Project("{9092AA53-FB77-4645-B42D-1CCCA6BD08BD}") = "Intelligenics.Application.Styles", "Intelligenics.Application.Styles\Intelligenics.Application.Styles.njsproj", "{147A4304-E433-4919-BB10-719CDD0AC3D8}"
EndProject
Project("{9092AA53-FB77-4645-B42D-1CCCA6BD08BD}") = "Intelligenics.Application.Components", "Intelligenics.Application.Components\Intelligenics.Application.Components.njsproj", "{7FFA98D5-A43C-4D8E-A9AE-FA6E75B84F88}"
EndProject
Global
	GlobalSection(SolutionConfigurationPlatforms) = preSolution
		Debug|Any CPU = Debug|Any CPU
		Release|Any CPU = Release|Any CPU
	EndGlobalSection
	GlobalSection(ProjectConfigurationPlatforms) = postSolution
		{04960B92-9DF4-4AA5-990A-779A76DA2D49}.Debug|Any CPU.ActiveCfg = Debug|Any CPU
		{04960B92-9DF4-4AA5-990A-779A76DA2D49}.Debug|Any CPU.Build.0 = Debug|Any CPU
		{04960B92-9DF4-4AA5-990A-779A76DA2D49}.Release|Any CPU.ActiveCfg = Release|Any CPU
		{04960B92-9DF4-4AA5-990A-779A76DA2D49}.Release|Any CPU.Build.0 = Release|Any CPU
		{147A4304-E433-4919-BB10-719CDD0AC3D8}.Debug|Any CPU.ActiveCfg = Debug|Any CPU
		{147A4304-E433-4919-BB10-719CDD0AC3D8}.Debug|Any CPU.Build.0 = Debug|Any CPU
		{147A4304-E433-4919-BB10-719CDD0AC3D8}.Release|Any CPU.ActiveCfg = Release|Any CPU
		{147A4304-E433-4919-BB10-719CDD0AC3D8}.Release|Any CPU.Build.0 = Release|Any CPU
		{7FFA98D5-A43C-4D8E-A9AE-FA6E75B84F88}.Debug|Any CPU.ActiveCfg = Debug|Any CPU
		{7FFA98D5-A43C-4D8E-A9AE-FA6E75B84F88}.Debug|Any CPU.Build.0 = Debug|Any CPU
		{7FFA98D5-A43C-4D8E-A9AE-FA6E75B84F88}.Release|Any CPU.ActiveCfg = Release|Any CPU
		{7FFA98D5-A43C-4D8E-A9AE-FA6E75B84F88}.Release|Any CPU.Build.0 = Release|Any CPU
	EndGlobalSection
	GlobalSection(SolutionProperties) = preSolution
		HideSolutionNode = FALSE
	EndGlobalSection
	GlobalSection(ExtensibilityGlobals) = postSolution
		SolutionGuid = {1F34282A-38A6-4A0E-8E15-C1B13B7E3449}
	EndGlobalSection
EndGlobal
